
Microsoft Visual Studio Solution File, Format Version 12.00
# Visual Studio Version 17
VisualStudioVersion = 17.14.36414.22 d17.14
MinimumVisualStudioVersion = 10.0.40219.1
Project("{FAE04EC0-301F-11D3-BF4B-00C04F79EFBC}") = "EmuFileX", "EmuFileX\EmuFileX.csproj", "{BCF5C430-EEA6-4650-B8B9-32958F17DC1F}"
EndProject
Global
	GlobalSection(SolutionConfigurationPlatforms) = preSolution
		Debug|Any CPU = Debug|Any CPU
		Release|Any CPU = Release|Any CPU
	EndGlobalSection
	GlobalSection(ProjectConfigurationPlatforms) = postSolution
		{BCF5C430-EEA6-4650-B8B9-32958F17DC1F}.Debug|Any CPU.ActiveCfg = Debug|Any CPU
		{BCF5C430-EEA6-4650-B8B9-32958F17DC1F}.Debug|Any CPU.Build.0 = Debug|Any CPU
		{BCF5C430-EEA6-4650-B8B9-32958F17DC1F}.Release|Any CPU.ActiveCfg = Release|Any CPU
		{BCF5C430-EEA6-4650-B8B9-32958F17DC1F}.Release|Any CPU.Build.0 = Release|Any CPU
	EndGlobalSection
	GlobalSection(SolutionProperties) = preSolution
		HideSolutionNode = FALSE
	EndGlobalSection
	GlobalSection(ExtensibilityGlobals) = postSolution
		SolutionGuid = {0701896A-B482-43AA-BA8C-EEB271B28086}
	EndGlobalSection
EndGlobal
